
Microsoft Visual Studio Solution File, Format Version 12.00
Project("{FAE04EC0-301F-11D3-BF4B-00C04F79EFBC}") = "QSort", "QSort\QSort.csproj", "{763C2303-AB84-4B64-9494-EEB22BBFE3CA}"
EndProject
Global
	GlobalSection(SolutionConfigurationPlatforms) = preSolution
		Debug|Any CPU = Debug|Any CPU
		Release|Any CPU = Release|Any CPU
	EndGlobalSection
	GlobalSection(ProjectConfigurationPlatforms) = postSolution
		{763C2303-AB84-4B64-9494-EEB22BBFE3CA}.Debug|Any CPU.ActiveCfg = Debug|Any CPU
		{763C2303-AB84-4B64-9494-EEB22BBFE3CA}.Debug|Any CPU.Build.0 = Debug|Any CPU
		{763C2303-AB84-4B64-9494-EEB22BBFE3CA}.Release|Any CPU.ActiveCfg = Release|Any CPU
		{763C2303-AB84-4B64-9494-EEB22BBFE3CA}.Release|Any CPU.Build.0 = Release|Any CPU
	EndGlobalSection
EndGlobal
