
Microsoft Visual Studio Solution File, Format Version 12.00
Project("{FAE04EC0-301F-11D3-BF4B-00C04F79EFBC}") = "QSort", "QSort\QSort.csproj", "{763C2303-AB84-4B64-9494-EEB22BBFE3CA}"
EndProject
Project("{FAE04EC0-301F-11D3-BF4B-00C04F79EFBC}") = "Rabin-Karp-Algorithm", "Rabin-Karp-Algorithm\Rabin-Karp-Algorithm.csproj", "{4B6EF2C6-8369-4368-8833-1B38F54671EF}"
EndProject
Project("{FAE04EC0-301F-11D3-BF4B-00C04F79EFBC}") = "Huffman-Algorithm", "Huffman-Algorithm\Huffman-Algorithm.csproj", "{D26602CC-4C21-47BA-8DE7-E3A712534770}"
EndProject
Project("{FAE04EC0-301F-11D3-BF4B-00C04F79EFBC}") = "Binary-Search", "Binary-Search\Binary-Search.csproj", "{34942E4F-178D-43AE-929B-646E9C758D93}"
EndProject
Project("{FAE04EC0-301F-11D3-BF4B-00C04F79EFBC}") = "Knuth-Morris-Pratt-Algorithm", "Knuth-Morris-Pratt-Algorithm\Knuth-Morris-Pratt-Algorithm.csproj", "{224307E2-8667-4DBF-9864-D6F6B117BFC2}"
EndProject
Global
	GlobalSection(SolutionConfigurationPlatforms) = preSolution
		Debug|Any CPU = Debug|Any CPU
		Release|Any CPU = Release|Any CPU
	EndGlobalSection
	GlobalSection(ProjectConfigurationPlatforms) = postSolution
		{763C2303-AB84-4B64-9494-EEB22BBFE3CA}.Debug|Any CPU.ActiveCfg = Debug|Any CPU
		{763C2303-AB84-4B64-9494-EEB22BBFE3CA}.Debug|Any CPU.Build.0 = Debug|Any CPU
		{763C2303-AB84-4B64-9494-EEB22BBFE3CA}.Release|Any CPU.ActiveCfg = Release|Any CPU
		{763C2303-AB84-4B64-9494-EEB22BBFE3CA}.Release|Any CPU.Build.0 = Release|Any CPU
		{4B6EF2C6-8369-4368-8833-1B38F54671EF}.Debug|Any CPU.ActiveCfg = Debug|Any CPU
		{4B6EF2C6-8369-4368-8833-1B38F54671EF}.Debug|Any CPU.Build.0 = Debug|Any CPU
		{4B6EF2C6-8369-4368-8833-1B38F54671EF}.Release|Any CPU.ActiveCfg = Release|Any CPU
		{4B6EF2C6-8369-4368-8833-1B38F54671EF}.Release|Any CPU.Build.0 = Release|Any CPU
		{D26602CC-4C21-47BA-8DE7-E3A712534770}.Debug|Any CPU.ActiveCfg = Debug|Any CPU
		{D26602CC-4C21-47BA-8DE7-E3A712534770}.Debug|Any CPU.Build.0 = Debug|Any CPU
		{D26602CC-4C21-47BA-8DE7-E3A712534770}.Release|Any CPU.ActiveCfg = Release|Any CPU
		{D26602CC-4C21-47BA-8DE7-E3A712534770}.Release|Any CPU.Build.0 = Release|Any CPU
		{34942E4F-178D-43AE-929B-646E9C758D93}.Debug|Any CPU.ActiveCfg = Debug|Any CPU
		{34942E4F-178D-43AE-929B-646E9C758D93}.Debug|Any CPU.Build.0 = Debug|Any CPU
		{34942E4F-178D-43AE-929B-646E9C758D93}.Release|Any CPU.ActiveCfg = Release|Any CPU
		{34942E4F-178D-43AE-929B-646E9C758D93}.Release|Any CPU.Build.0 = Release|Any CPU
		{224307E2-8667-4DBF-9864-D6F6B117BFC2}.Debug|Any CPU.ActiveCfg = Debug|Any CPU
		{224307E2-8667-4DBF-9864-D6F6B117BFC2}.Debug|Any CPU.Build.0 = Debug|Any CPU
		{224307E2-8667-4DBF-9864-D6F6B117BFC2}.Release|Any CPU.ActiveCfg = Release|Any CPU
		{224307E2-8667-4DBF-9864-D6F6B117BFC2}.Release|Any CPU.Build.0 = Release|Any CPU
	EndGlobalSection
EndGlobal
